{
  "name": "G-Rent",
  "lockfileVersion": 3,
  "requires": true,
  "packages": {
    "": {
      "dependencies": {
        "hapi-cors": "^1.0.3"
      }
    },
    "node_modules/hapi-cors": {
      "version": "1.0.3",
      "resolved": "https://registry.npmjs.org/hapi-cors/-/hapi-cors-1.0.3.tgz",
      "integrity": "sha512-45fkvy13d+Awp25OXuMj8imQSoD3x5SJ99D+P/WBEwruHArpoHdj+zMlrXOoixgo/O281/lls6rAZBnkBtNOpg==",
      "deprecated": "This package is no longer being supported.  Please migrate to the CORS functionality built into hapi.",
      "dependencies": {
        "joi": "^7.0.1"
      }
    },
    "node_modules/hoek": {
      "version": "3.0.4",
      "resolved": "https://registry.npmjs.org/hoek/-/hoek-3.0.4.tgz",
      "integrity": "sha512-VIMFzySNWnvVqBZIWJSHzun/dvtgYYxv0DypA8Mr9ue+kjXyf1mkq4/EOU/a33cIoW+fFyk9+t8W6ZSqucKYpA==",
      "deprecated": "This version has been deprecated in accordance with the hapi support policy (hapi.im/support). Please upgrade to the latest version to get the best features, bug fixes, and security patches. If you are unable to upgrade at this time, paid support is available for older versions (hapi.im/commercial).",
      "engines": {
        "node": ">=4.0.0"
      }
    },
    "node_modules/isemail": {
      "version": "2.2.1",
      "resolved": "https://registry.npmjs.org/isemail/-/isemail-2.2.1.tgz",
      "integrity": "sha512-LPjFxaTatluwGAJlGe4FtRdzg0a9KlXrahHoHAR4HwRNf90Ttwi6sOQ9zj+EoCPmk9yyK+WFUqkm0imUo8UJbw==",
      "engines": {
        "node": ">=4.0.0"
      }
    },
    "node_modules/joi": {
      "version": "7.3.0",
      "resolved": "https://registry.npmjs.org/joi/-/joi-7.3.0.tgz",
      "integrity": "sha512-7ysLFfGtSg5L1MWnIkJGvJLAsdZPLZK2+qAi+0D9QdsnlPVSk+dBZxEl1ezveJuhEcvZKLK+AZSkmnXeATcB0A==",
      "deprecated": "This version has been deprecated in accordance with the hapi support policy (hapi.im/support). Please upgrade to the latest version to get the best features, bug fixes, and security patches. If you are unable to upgrade at this time, paid support is available for older versions (hapi.im/commercial).",
      "dependencies": {
        "hoek": "3.x.x",
        "isemail": "2.x.x",
        "moment": "2.x.x",
        "topo": "2.x.x"
      },
      "engines": {
        "node": ">=4.0.0"
      }
    },
    "node_modules/moment": {
      "version": "2.30.1",
      "resolved": "https://registry.npmjs.org/moment/-/moment-2.30.1.tgz",
      "integrity": "sha512-uEmtNhbDOrWPFS+hdjFCBfy9f2YoyzRpwcl+DqpC6taX21FzsTLQVbMV/W7PzNSX6x/bhC1zA3c2UQ5NzH6how==",
      "engines": {
        "node": "*"
      }
    },
    "node_modules/topo": {
      "version": "2.1.1",
      "resolved": "https://registry.npmjs.org/topo/-/topo-2.1.1.tgz",
      "integrity": "sha512-ZPrPP5nwzZy1fw9abHQH2k+YarTgp9UMAztcB3MmlcZSif63Eg+az05p6wTDaZmnqpS3Mk7K+2W60iHarlz8Ug==",
      "deprecated": "This module has moved and is now available at @hapi/topo. Please update your dependencies as this version is no longer maintained and may contain bugs and security issues.",
      "dependencies": {
        "hoek": "4.x.x"
      },
      "engines": {
        "node": ">=6.0.0"
      }
    },
    "node_modules/topo/node_modules/hoek": {
      "version": "4.3.1",
      "resolved": "https://registry.npmjs.org/hoek/-/hoek-4.3.1.tgz",
      "integrity": "sha512-v7E+yIjcHECn973i0xHm4kJkEpv3C8sbYS4344WXbzYqRyiDD7rjnnKo4hsJkejQBAFdRMUGNHySeSPKSH9Rqw==",
      "deprecated": "This module has moved and is now available at @hapi/hoek. Please update your dependencies as this version is no longer maintained an may contain bugs and security issues.",
      "engines": {
        "node": ">=6.0.0"
      }
    }
  }
}
